
Microsoft Visual Studio Solution File, Format Version 12.00
# Visual Studio Version 16
VisualStudioVersion = 16.0.31624.102
MinimumVisualStudioVersion = 10.0.40219.1
Project("{FAE04EC0-301F-11D3-BF4B-00C04F79EFBC}") = "Кнопочки", "Кнопочки\Кнопочки.csproj", "{2C5B1A92-A0E5-4A54-9B5D-CC0E1D4929F7}"
EndProject
Global
	GlobalSection(SolutionConfigurationPlatforms) = preSolution
		Debug|Any CPU = Debug|Any CPU
		Release|Any CPU = Release|Any CPU
	EndGlobalSection
	GlobalSection(ProjectConfigurationPlatforms) = postSolution
		{2C5B1A92-A0E5-4A54-9B5D-CC0E1D4929F7}.Debug|Any CPU.ActiveCfg = Debug|Any CPU
		{2C5B1A92-A0E5-4A54-9B5D-CC0E1D4929F7}.Debug|Any CPU.Build.0 = Debug|Any CPU
		{2C5B1A92-A0E5-4A54-9B5D-CC0E1D4929F7}.Release|Any CPU.ActiveCfg = Release|Any CPU
		{2C5B1A92-A0E5-4A54-9B5D-CC0E1D4929F7}.Release|Any CPU.Build.0 = Release|Any CPU
	EndGlobalSection
	GlobalSection(SolutionProperties) = preSolution
		HideSolutionNode = FALSE
	EndGlobalSection
	GlobalSection(ExtensibilityGlobals) = postSolution
		SolutionGuid = {03B04E22-7ABF-4E1A-81EA-AD979ADCD713}
	EndGlobalSection
EndGlobal
